
Microsoft Visual Studio Solution File, Format Version 12.00
# Visual Studio Version 16
VisualStudioVersion = 16.0.31205.134
MinimumVisualStudioVersion = 10.0.40219.1
Project("{FAE04EC0-301F-11D3-BF4B-00C04F79EFBC}") = "CompanyTalk_WebApi_v2", "CompanyTalk_WebApi_v2\CompanyTalk_WebApi_v2.csproj", "{9E5338A2-979A-4247-99DD-C602C05B4822}"
EndProject
Global
	GlobalSection(SolutionConfigurationPlatforms) = preSolution
		Debug|Any CPU = Debug|Any CPU
		Release|Any CPU = Release|Any CPU
	EndGlobalSection
	GlobalSection(ProjectConfigurationPlatforms) = postSolution
		{9E5338A2-979A-4247-99DD-C602C05B4822}.Debug|Any CPU.ActiveCfg = Debug|Any CPU
		{9E5338A2-979A-4247-99DD-C602C05B4822}.Debug|Any CPU.Build.0 = Debug|Any CPU
		{9E5338A2-979A-4247-99DD-C602C05B4822}.Release|Any CPU.ActiveCfg = Release|Any CPU
		{9E5338A2-979A-4247-99DD-C602C05B4822}.Release|Any CPU.Build.0 = Release|Any CPU
	EndGlobalSection
	GlobalSection(SolutionProperties) = preSolution
		HideSolutionNode = FALSE
	EndGlobalSection
	GlobalSection(ExtensibilityGlobals) = postSolution
		SolutionGuid = {1854C093-BE21-46CB-8BB1-4B90F0694213}
	EndGlobalSection
EndGlobal
